
Microsoft Visual Studio Solution File, Format Version 9.00
# Visual Studio 2005
Project("{8BC9CEB8-8B4A-11D0-8D11-00A0C91BC942}") = "Driver", "Driver\Driver.vcproj", "{6AD86DB3-B09A-4F41-9E16-364BDB0FFA40}"
EndProject
Global
	GlobalSection(SolutionConfigurationPlatforms) = preSolution
		Debug|Win32 = Debug|Win32
		Release|Win32 = Release|Win32
	EndGlobalSection
	GlobalSection(ProjectConfigurationPlatforms) = postSolution
		{6AD86DB3-B09A-4F41-9E16-364BDB0FFA40}.Debug|Win32.ActiveCfg = Debug|Win32
		{6AD86DB3-B09A-4F41-9E16-364BDB0FFA40}.Debug|Win32.Build.0 = Debug|Win32
		{6AD86DB3-B09A-4F41-9E16-364BDB0FFA40}.Release|Win32.ActiveCfg = Release|Win32
		{6AD86DB3-B09A-4F41-9E16-364BDB0FFA40}.Release|Win32.Build.0 = Release|Win32
	EndGlobalSection
	GlobalSection(SolutionProperties) = preSolution
		HideSolutionNode = FALSE
	EndGlobalSection
EndGlobal
